// !$*UTF8*$!
{
	archiveVersion = 1;
	classes = {
	};
	objectVersion = 46;
	objects = {

/* Begin PBXBuildFile section */
		4CE5AFF31EEC397C00DC21A1 /* AppDelegate.swift in Sources */ = {isa = PBXBuildFile; fileRef = 4CE5AFF21EEC397C00DC21A1 /* AppDelegate.swift */; };
		4CE5AFF51EEC397C00DC21A1 /* ViewController.swift in Sources */ = {isa = PBXBuildFile; fileRef = 4CE5AFF41EEC397C00DC21A1 /* ViewController.swift */; };
		4CE5AFF81EEC397C00DC21A1 /* Main.storyboard in Resources */ = {isa = PBXBuildFile; fileRef = 4CE5AFF61EEC397C00DC21A1 /* Main.storyboard */; };
		4CE5AFFA1EEC397C00DC21A1 /* Assets.xcassets in Resources */ = {isa = PBXBuildFile; fileRef = 4CE5AFF91EEC397C00DC21A1 /* Assets.xcassets */; };
		4CE5AFFD1EEC397C00DC21A1 /* LaunchScreen.storyboard in Resources */ = {isa = PBXBuildFile; fileRef = 4CE5AFFB1EEC397C00DC21A1 /* LaunchScreen.storyboard */; };
		4CE5B0081EEC397D00DC21A1 /* TipCalculatorTests.swift in Sources */ = {isa = PBXBuildFile; fileRef = 4CE5B0071EEC397D00DC21A1 /* TipCalculatorTests.swift */; };
		4CE5B0131EEC397D00DC21A1 /* TipCalculatorUITests.swift in Sources */ = {isa = PBXBuildFile; fileRef = 4CE5B0121EEC397D00DC21A1 /* TipCalculatorUITests.swift */; };
/* End PBXBuildFile section */

/* Begin PBXContainerItemProxy section */
		4CE5B0041EEC397D00DC21A1 /* PBXContainerItemProxy */ = {
			isa = PBXContainerItemProxy;
			containerPortal = 4CE5AFE71EEC397C00DC21A1 /* Project object */;
			proxyType = 1;
			remoteGlobalIDString = 4CE5AFEE1EEC397C00DC21A1;
			remoteInfo = TipCalculator;
		};
		4CE5B00F1EEC397D00DC21A1 /* PBXContainerItemProxy */ = {
			isa = PBXContainerItemProxy;
			containerPortal = 4CE5AFE71EEC397C00DC21A1 /* Project object */;
			proxyType = 1;
			remoteGlobalIDString = 4CE5AFEE1EEC397C00DC21A1;
			remoteInfo = TipCalculator;
		};
/* End PBXContainerItemProxy section */

/* Begin PBXFileReference section */
		4CE5AFEF1EEC397C00DC21A1 /* TipCalculator.app */ = {isa = PBXFileReference; explicitFileType = wrapper.application; includeInIndex = 0; path = TipCalculator.app; sourceTree = BUILT_PRODUCTS_DIR; };
		4CE5AFF21EEC397C00DC21A1 /* AppDelegate.swift */ = {isa = PBXFileReference; lastKnownFileType = sourcecode.swift; path = AppDelegate.swift; sourceTree = "<group>"; };
		4CE5AFF41EEC397C00DC21A1 /* ViewController.swift */ = {isa = PBXFileReference; lastKnownFileType = sourcecode.swift; path = ViewController.swift; sourceTree = "<group>"; };
		4CE5AFF71EEC397C00DC21A1 /* Base */ = {isa = PBXFileReference; lastKnownFileType = file.storyboard; name = Base; path = Base.lproj/Main.storyboard; sourceTree = "<group>"; };
		4CE5AFF91EEC397C00DC21A1 /* Assets.xcassets */ = {isa = PBXFileReference; lastKnownFileType = folder.assetcatalog; path = Assets.xcassets; sourceTree = "<group>"; };
		4CE5AFFC1EEC397C00DC21A1 /* Base */ = {isa = PBXFileReference; lastKnownFileType = file.storyboard; name = Base; path = Base.lproj/LaunchScreen.storyboard; sourceTree = "<group>"; };
		4CE5AFFE1EEC397C00DC21A1 /* Info.plist */ = {isa = PBXFileReference; lastKnownFileType = text.plist.xml; path = Info.plist; sourceTree = "<group>"; };
		4CE5B0031EEC397D00DC21A1 /* TipCalculatorTests.xctest */ = {isa = PBXFileReference; explicitFileType = wrapper.cfbundle; includeInIndex = 0; path = TipCalculatorTests.xctest; sourceTree = BUILT_PRODUCTS_DIR; };
		4CE5B0071EEC397D00DC21A1 /* TipCalculatorTests.swift */ = {isa = PBXFileReference; lastKnownFileType = sourcecode.swift; path = TipCalculatorTests.swift; sourceTree = "<group>"; };
		4CE5B0091EEC397D00DC21A1 /* Info.plist */ = {isa = PBXFileReference; lastKnownFileType = text.plist.xml; path = Info.plist; sourceTree = "<group>"; };
		4CE5B00E1EEC397D00DC21A1 /* TipCalculatorUITests.xctest */ = {isa = PBXFileReference; explicitFileType = wrapper.cfbundle; includeInIndex = 0; path = TipCalculatorUITests.xctest; sourceTree = BUILT_PRODUCTS_DIR; };
		4CE5B0121EEC397D00DC21A1 /* TipCalculatorUITests.swift */ = {isa = PBXFileReference; lastKnownFileType = sourcecode.swift; path = TipCalculatorUITests.swift; sourceTree = "<group>"; };
		4CE5B0141EEC397D00DC21A1 /* Info.plist */ = {isa = PBXFileReference; lastKnownFileType = text.plist.xml; path = Info.plist; sourceTree = "<group>"; };
/* End PBXFileReference section */

/* Begin PBXFrameworksBuildPhase section */
		4CE5AFEC1EEC397C00DC21A1 /* Frameworks */ = {
			isa = PBXFrameworksBuildPhase;
			buildActionMask = 2147483647;
			files = (
			);
			runOnlyForDeploymentPostprocessing = 0;
		};
		4CE5B0001EEC397D00DC21A1 /* Frameworks */ = {
			isa = PBXFrameworksBuildPhase;
			buildActionMask = 2147483647;
			files = (
			);
			runOnlyForDeploymentPostprocessing = 0;
		};
		4CE5B00B1EEC397D00DC21A1 /* Frameworks */ = {
			isa = PBXFrameworksBuildPhase;
			buildActionMask = 2147483647;
			files = (
			);
			runOnlyForDeploymentPostprocessing = 0;
		};
/* End PBXFrameworksBuildPhase section */

/* Begin PBXGroup section */
		4CE5AFE61EEC397C00DC21A1 = {
			isa = PBXGroup;
			children = (
				4CE5AFF11EEC397C00DC21A1 /* TipCalculator */,
				4CE5B0061EEC397D00DC21A1 /* TipCalculatorTests */,
				4CE5B0111EEC397D00DC21A1 /* TipCalculatorUITests */,
				4CE5AFF01EEC397C00DC21A1 /* Products */,
			);
			sourceTree = "<group>";
		};
		4CE5AFF01EEC397C00DC21A1 /* Products */ = {
			isa = PBXGroup;
			children = (
				4CE5AFEF1EEC397C00DC21A1 /* TipCalculator.app */,
				4CE5B0031EEC397D00DC21A1 /* TipCalculatorTests.xctest */,
				4CE5B00E1EEC397D00DC21A1 /* TipCalculatorUITests.xctest */,
			);
			name = Products;
			sourceTree = "<group>";
		};
		4CE5AFF11EEC397C00DC21A1 /* TipCalculator */ = {
			isa = PBXGroup;
			children = (
				4CE5AFF21EEC397C00DC21A1 /* AppDelegate.swift */,
				4CE5AFF41EEC397C00DC21A1 /* ViewController.swift */,
				4CE5AFF61EEC397C00DC21A1 /* Main.storyboard */,
				4CE5AFF91EEC397C00DC21A1 /* Assets.xcassets */,
				4CE5AFFB1EEC397C00DC21A1 /* LaunchScreen.storyboard */,
				4CE5AFFE1EEC397C00DC21A1 /* Info.plist */,
			);
			path = TipCalculator;
			sourceTree = "<group>";
		};
		4CE5B0061EEC397D00DC21A1 /* TipCalculatorTests */ = {
			isa = PBXGroup;
			children = (
				4CE5B0071EEC397D00DC21A1 /* TipCalculatorTests.swift */,
				4CE5B0091EEC397D00DC21A1 /* Info.plist */,
			);
			path = TipCalculatorTests;
			sourceTree = "<group>";
		};
		4CE5B0111EEC397D00DC21A1 /* TipCalculatorUITests */ = {
			isa = PBXGroup;
			children = (
				4CE5B0121EEC397D00DC21A1 /* TipCalculatorUITests.swift */,
				4CE5B0141EEC397D00DC21A1 /* Info.plist */,
			);
			path = TipCalculatorUITests;
			sourceTree = "<group>";
		};
/* End PBXGroup section */

/* Begin PBXNativeTarget section */
		4CE5AFEE1EEC397C00DC21A1 /* TipCalculator */ = {
			isa = PBXNativeTarget;
			buildConfigurationList = 4CE5B0171EEC397D00DC21A1 /* Build configuration list for PBXNativeTarget "TipCalculator" */;
			buildPhases = (
				4CE5AFEB1EEC397C00DC21A1 /* Sources */,
				4CE5AFEC1EEC397C00DC21A1 /* Frameworks */,
				4CE5AFED1EEC397C00DC21A1 /* Resources */,
			);
			buildRules = (
			);
			dependencies = (
			);
			name = TipCalculator;
			productName = TipCalculator;
			productReference = 4CE5AFEF1EEC397C00DC21A1 /* TipCalculator.app */;
			productType = "com.apple.product-type.application";
		};
		4CE5B0021EEC397D00DC21A1 /* TipCalculatorTests */ = {
			isa = PBXNativeTarget;
			buildConfigurationList = 4CE5B01A1EEC397D00DC21A1 /* Build configuration list for PBXNativeTarget "TipCalculatorTests" */;
			buildPhases = (
				4CE5AFFF1EEC397D00DC21A1 /* Sources */,
				4CE5B0001EEC397D00DC21A1 /* Frameworks */,
				4CE5B0011EEC397D00DC21A1 /* Resources */,
			);
			buildRules = (
			);
			dependencies = (
				4CE5B0051EEC397D00DC21A1 /* PBXTargetDependency */,
			);
			name = TipCalculatorTests;
			productName = TipCalculatorTests;
			productReference = 4CE5B0031EEC397D00DC21A1 /* TipCalculatorTests.xctest */;
			productType = "com.apple.product-type.bundle.unit-test";
		};
		4CE5B00D1EEC397D00DC21A1 /* TipCalculatorUITests */ = {
			isa = PBXNativeTarget;
			buildConfigurationList = 4CE5B01D1EEC397D00DC21A1 /* Build configuration list for PBXNativeTarget "TipCalculatorUITests" */;
			buildPhases = (
				4CE5B00A1EEC397D00DC21A1 /* Sources */,
				4CE5B00B1EEC397D00DC21A1 /* Frameworks */,
				4CE5B00C1EEC397D00DC21A1 /* Resources */,
			);
			buildRules = (
			);
			dependencies = (
				4CE5B0101EEC397D00DC21A1 /* PBXTargetDependency */,
			);
			name = TipCalculatorUITests;
			productName = TipCalculatorUITests;
			productReference = 4CE5B00E1EEC397D00DC21A1 /* TipCalculatorUITests.xctest */;
			productType = "com.apple.product-type.bundle.ui-testing";
		};
/* End PBXNativeTarget section */

/* Begin PBXProject section */
		4CE5AFE71EEC397C00DC21A1 /* Project object */ = {
			isa = PBXProject;
			attributes = {
				LastSwiftUpdateCheck = 0830;
				LastUpgradeCheck = 0830;
				ORGANIZATIONNAME = "Grace Hauk";
				TargetAttributes = {
					4CE5AFEE1EEC397C00DC21A1 = {
						CreatedOnToolsVersion = 8.3.2;
						ProvisioningStyle = Automatic;
					};
					4CE5B0021EEC397D00DC21A1 = {
						CreatedOnToolsVersion = 8.3.2;
						ProvisioningStyle = Automatic;
						TestTargetID = 4CE5AFEE1EEC397C00DC21A1;
					};
					4CE5B00D1EEC397D00DC21A1 = {
						CreatedOnToolsVersion = 8.3.2;
						ProvisioningStyle = Automatic;
						TestTargetID = 4CE5AFEE1EEC397C00DC21A1;
					};
				};
			};
			buildConfigurationList = 4CE5AFEA1EEC397C00DC21A1 /* Build configuration list for PBXProject "TipCalculator" */;
			compatibilityVersion = "Xcode 3.2";
			developmentRegion = English;
			hasScannedForEncodings = 0;
			knownRegions = (
				en,
				Base,
			);
			mainGroup = 4CE5AFE61EEC397C00DC21A1;
			productRefGroup = 4CE5AFF01EEC397C00DC21A1 /* Products */;
			projectDirPath = "";
			projectRoot = "";
			targets = (
				4CE5AFEE1EEC397C00DC21A1 /* TipCalculator */,
				4CE5B0021EEC397D00DC21A1 /* TipCalculatorTests */,
				4CE5B00D1EEC397D00DC21A1 /* TipCalculatorUITests */,
			);
		};
/* End PBXProject section */

/* Begin PBXResourcesBuildPhase section */
		4CE5AFED1EEC397C00DC21A1 /* Resources */ = {
			isa = PBXResourcesBuildPhase;
			buildActionMask = 2147483647;
			files = (
				4CE5AFFD1EEC397C00DC21A1 /* LaunchScreen.storyboard in Resources */,
				4CE5AFFA1EEC397C00DC21A1 /* Assets.xcassets in Resources */,
				4CE5AFF81EEC397C00DC21A1 /* Main.storyboard in Resources */,
			);
			runOnlyForDeploymentPostprocessing = 0;
		};
		4CE5B0011EEC397D00DC21A1 /* Resources */ = {
			isa = PBXResourcesBuildPhase;
			buildActionMask = 2147483647;
			files = (
			);
			runOnlyForDeploymentPostprocessing = 0;
		};
		4CE5B00C1EEC397D00DC21A1 /* Resources */ = {
			isa = PBXResourcesBuildPhase;
			buildActionMask = 2147483647;
			files = (
			);
			runOnlyForDeploymentPostprocessing = 0;
		};
/* End PBXResourcesBuildPhase section */

/* Begin PBXSourcesBuildPhase section */
		4CE5AFEB1EEC397C00DC21A1 /* Sources */ = {
			isa = PBXSourcesBuildPhase;
			buildActionMask = 2147483647;
			files = (
				4CE5AFF51EEC397C00DC21A1 /* ViewController.swift in Sources */,
				4CE5AFF31EEC397C00DC21A1 /* AppDelegate.swift in Sources */,
			);
			runOnlyForDeploymentPostprocessing = 0;
		};
		4CE5AFFF1EEC397D00DC21A1 /* Sources */ = {
			isa = PBXSourcesBuildPhase;
			buildActionMask = 2147483647;
			files = (
				4CE5B0081EEC397D00DC21A1 /* TipCalculatorTests.swift in Sources */,
			);
			runOnlyForDeploymentPostprocessing = 0;
		};
		4CE5B00A1EEC397D00DC21A1 /* Sources */ = {
			isa = PBXSourcesBuildPhase;
			buildActionMask = 2147483647;
			files = (
				4CE5B0131EEC397D00DC21A1 /* TipCalculatorUITests.swift in Sources */,
			);
			runOnlyForDeploymentPostprocessing = 0;
		};
/* End PBXSourcesBuildPhase section */

/* Begin PBXTargetDependency section */
		4CE5B0051EEC397D00DC21A1 /* PBXTargetDependency */ = {
			isa = PBXTargetDependency;
			target = 4CE5AFEE1EEC397C00DC21A1 /* TipCalculator */;
			targetProxy = 4CE5B0041EEC397D00DC21A1 /* PBXContainerItemProxy */;
		};
		4CE5B0101EEC397D00DC21A1 /* PBXTargetDependency */ = {
			isa = PBXTargetDependency;
			target = 4CE5AFEE1EEC397C00DC21A1 /* TipCalculator */;
			targetProxy = 4CE5B00F1EEC397D00DC21A1 /* PBXContainerItemProxy */;
		};
/* End PBXTargetDependency section */

/* Begin PBXVariantGroup section */
		4CE5AFF61EEC397C00DC21A1 /* Main.storyboard */ = {
			isa = PBXVariantGroup;
			children = (
				4CE5AFF71EEC397C00DC21A1 /* Base */,
			);
			name = Main.storyboard;
			sourceTree = "<group>";
		};
		4CE5AFFB1EEC397C00DC21A1 /* LaunchScreen.storyboard */ = {
			isa = PBXVariantGroup;
			children = (
				4CE5AFFC1EEC397C00DC21A1 /* Base */,
			);
			name = LaunchScreen.storyboard;
			sourceTree = "<group>";
		};
/* End PBXVariantGroup section */

/* Begin XCBuildConfiguration section */
		4CE5B0151EEC397D00DC21A1 /* Debug */ = {
			isa = XCBuildConfiguration;
			buildSettings = {
				ALWAYS_SEARCH_USER_PATHS = NO;
				CLANG_ANALYZER_NONNULL = YES;
				CLANG_ANALYZER_NUMBER_OBJECT_CONVERSION = YES_AGGRESSIVE;
				CLANG_CXX_LANGUAGE_STANDARD = "gnu++0x";
				CLANG_CXX_LIBRARY = "libc++";
				CLANG_ENABLE_MODULES = YES;
				CLANG_ENABLE_OBJC_ARC = YES;
				CLANG_WARN_BOOL_CONVERSION = YES;
				CLANG_WARN_CONSTANT_CONVERSION = YES;
				CLANG_WARN_DIRECT_OBJC_ISA_USAGE = YES_ERROR;
				CLANG_WARN_DOCUMENTATION_COMMENTS = YES;
				CLANG_WARN_EMPTY_BODY = YES;
				CLANG_WARN_ENUM_CONVERSION = YES;
				CLANG_WARN_INFINITE_RECURSION = YES;
				CLANG_WARN_INT_CONVERSION = YES;
				CLANG_WARN_OBJC_ROOT_CLASS = YES_ERROR;
				CLANG_WARN_SUSPICIOUS_MOVE = YES;
				CLANG_WARN_UNREACHABLE_CODE = YES;
				CLANG_WARN__DUPLICATE_METHOD_MATCH = YES;
				"CODE_SIGN_IDENTITY[sdk=iphoneos*]" = "iPhone Developer";
				COPY_PHASE_STRIP = NO;
				DEBUG_INFORMATION_FORMAT = dwarf;
				ENABLE_STRICT_OBJC_MSGSEND = YES;
				ENABLE_TESTABILITY = YES;
				GCC_C_LANGUAGE_STANDARD = gnu99;
				GCC_DYNAMIC_NO_PIC = NO;
				GCC_NO_COMMON_BLOCKS = YES;
				GCC_OPTIMIZATION_LEVEL = 0;
				GCC_PREPROCESSOR_DEFINITIONS = (
					"DEBUG=1",
					"$(inherited)",
				);
				GCC_WARN_64_TO_32_BIT_CONVERSION = YES;
				GCC_WARN_ABOUT_RETURN_TYPE = YES_ERROR;
				GCC_WARN_UNDECLARED_SELECTOR = YES;
				GCC_WARN_UNINITIALIZED_AUTOS = YES_AGGRESSIVE;
				GCC_WARN_UNUSED_FUNCTION = YES;
				GCC_WARN_UNUSED_VARIABLE = YES;
				IPHONEOS_DEPLOYMENT_TARGET = 10.3;
				MTL_ENABLE_DEBUG_INFO = YES;
				ONLY_ACTIVE_ARCH = YES;
				SDKROOT = iphoneos;
				SWIFT_ACTIVE_COMPILATION_CONDITIONS = DEBUG;
				SWIFT_OPTIMIZATION_LEVEL = "-Onone";
				TARGETED_DEVICE_FAMILY = "1,2";
			};
			name = Debug;
		};
		4CE5B0161EEC397D00DC21A1 /* Release */ = {
			isa = XCBuildConfiguration;
			buildSettings = {
				ALWAYS_SEARCH_USER_PATHS = NO;
				CLANG_ANALYZER_NONNULL = YES;
				CLANG_ANALYZER_NUMBER_OBJECT_CONVERSION = YES_AGGRESSIVE;
				CLANG_CXX_LANGUAGE_STANDARD = "gnu++0x";
				CLANG_CXX_LIBRARY = "libc++";
				CLANG_ENABLE_MODULES = YES;
				CLANG_ENABLE_OBJC_ARC = YES;
				CLANG_WARN_BOOL_CONVERSION = YES;
				CLANG_WARN_CONSTANT_CONVERSION = YES;
				CLANG_WARN_DIRECT_OBJC_ISA_USAGE = YES_ERROR;
				CLANG_WARN_DOCUMENTATION_COMMENTS = YES;
				CLANG_WARN_EMPTY_BODY = YES;
				CLANG_WARN_ENUM_CONVERSION = YES;
				CLANG_WARN_INFINITE_RECURSION = YES;
				CLANG_WARN_INT_CONVERSION = YES;
				CLANG_WARN_OBJC_ROOT_CLASS = YES_ERROR;
				CLANG_WARN_SUSPICIOUS_MOVE = YES;
				CLANG_WARN_UNREACHABLE_CODE = YES;
				CLANG_WARN__DUPLICATE_METHOD_MATCH = YES;
				"CODE_SIGN_IDENTITY[sdk=iphoneos*]" = "iPhone Developer";
				COPY_PHASE_STRIP = NO;
				DEBUG_INFORMATION_FORMAT = "dwarf-with-dsym";
				ENABLE_NS_ASSERTIONS = NO;
				ENABLE_STRICT_OBJC_MSGSEND = YES;
				GCC_C_LANGUAGE_STANDARD = gnu99;
				GCC_NO_COMMON_BLOCKS = YES;
				GCC_WARN_64_TO_32_BIT_CONVERSION = YES;
				GCC_WARN_ABOUT_RETURN_TYPE = YES_ERROR;
				GCC_WARN_UNDECLARED_SELECTOR = YES;
				GCC_WARN_UNINITIALIZED_AUTOS = YES_AGGRESSIVE;
				GCC_WARN_UNUSED_FUNCTION = YES;
				GCC_WARN_UNUSED_VARIABLE = YES;
				IPHONEOS_DEPLOYMENT_TARGET = 10.3;
				MTL_ENABLE_DEBUG_INFO = NO;
				SDKROOT = iphoneos;
				SWIFT_OPTIMIZATION_LEVEL = "-Owholemodule";
				TARGETED_DEVICE_FAMILY = "1,2";
				VALIDATE_PRODUCT = YES;
			};
			name = Release;
		};
		4CE5B0181EEC397D00DC21A1 /* Debug */ = {
			isa = XCBuildConfiguration;
			buildSettings = {
				ASSETCATALOG_COMPILER_APPICON_NAME = AppIcon;
				INFOPLIST_FILE = TipCalculator/Info.plist;
				LD_RUNPATH_SEARCH_PATHS = "$(inherited) @executable_path/Frameworks";
				PRODUCT_BUNDLE_IDENTIFIER = Grace.TipCalculator;
				PRODUCT_NAME = "$(TARGET_NAME)";
				SWIFT_VERSION = 3.0;
			};
			name = Debug;
		};
		4CE5B0191EEC397D00DC21A1 /* Release */ = {
			isa = XCBuildConfiguration;
			buildSettings = {
				ASSETCATALOG_COMPILER_APPICON_NAME = AppIcon;
				INFOPLIST_FILE = TipCalculator/Info.plist;
				LD_RUNPATH_SEARCH_PATHS = "$(inherited) @executable_path/Frameworks";
				PRODUCT_BUNDLE_IDENTIFIER = Grace.TipCalculator;
				PRODUCT_NAME = "$(TARGET_NAME)";
				SWIFT_VERSION = 3.0;
			};
			name = Release;
		};
		4CE5B01B1EEC397D00DC21A1 /* Debug */ = {
			isa = XCBuildConfiguration;
			buildSettings = {
				ALWAYS_EMBED_SWIFT_STANDARD_LIBRARIES = YES;
				BUNDLE_LOADER = "$(TEST_HOST)";
				INFOPLIST_FILE = TipCalculatorTests/Info.plist;
				LD_RUNPATH_SEARCH_PATHS = "$(inherited) @executable_path/Frameworks @loader_path/Frameworks";
				PRODUCT_BUNDLE_IDENTIFIER = Grace.TipCalculatorTests;
				PRODUCT_NAME = "$(TARGET_NAME)";
				SWIFT_VERSION = 3.0;
				TEST_HOST = "$(BUILT_PRODUCTS_DIR)/TipCalculator.app/TipCalculator";
			};
			name = Debug;
		};
		4CE5B01C1EEC397D00DC21A1 /* Release */ = {
			isa = XCBuildConfiguration;
			buildSettings = {
				ALWAYS_EMBED_SWIFT_STANDARD_LIBRARIES = YES;
				BUNDLE_LOADER = "$(TEST_HOST)";
				INFOPLIST_FILE = TipCalculatorTests/Info.plist;
				LD_RUNPATH_SEARCH_PATHS = "$(inherited) @executable_path/Frameworks @loader_path/Frameworks";
				PRODUCT_BUNDLE_IDENTIFIER = Grace.TipCalculatorTests;
				PRODUCT_NAME = "$(TARGET_NAME)";
				SWIFT_VERSION = 3.0;
				TEST_HOST = "$(BUILT_PRODUCTS_DIR)/TipCalculator.app/TipCalculator";
			};
			name = Release;
		};
		4CE5B01E1EEC397D00DC21A1 /* Debug */ = {
			isa = XCBuildConfiguration;
			buildSettings = {
				ALWAYS_EMBED_SWIFT_STANDARD_LIBRARIES = YES;
				INFOPLIST_FILE = TipCalculatorUITests/Info.plist;
				LD_RUNPATH_SEARCH_PATHS = "$(inherited) @executable_path/Frameworks @loader_path/Frameworks";
				PRODUCT_BUNDLE_IDENTIFIER = Grace.TipCalculatorUITests;
				PRODUCT_NAME = "$(TARGET_NAME)";
				SWIFT_VERSION = 3.0;
				TEST_TARGET_NAME = TipCalculator;
			};
			name = Debug;
		};
		4CE5B01F1EEC397D00DC21A1 /* Release */ = {
			isa = XCBuildConfiguration;
			buildSettings = {
				ALWAYS_EMBED_SWIFT_STANDARD_LIBRARIES = YES;
				INFOPLIST_FILE = TipCalculatorUITests/Info.plist;
				LD_RUNPATH_SEARCH_PATHS = "$(inherited) @executable_path/Frameworks @loader_path/Frameworks";
				PRODUCT_BUNDLE_IDENTIFIER = Grace.TipCalculatorUITests;
				PRODUCT_NAME = "$(TARGET_NAME)";
				SWIFT_VERSION = 3.0;
				TEST_TARGET_NAME = TipCalculator;
			};
			name = Release;
		};
/* End XCBuildConfiguration section */

/* Begin XCConfigurationList section */
		4CE5AFEA1EEC397C00DC21A1 /* Build configuration list for PBXProject "TipCalculator" */ = {
			isa = XCConfigurationList;
			buildConfigurations = (
				4CE5B0151EEC397D00DC21A1 /* Debug */,
				4CE5B0161EEC397D00DC21A1 /* Release */,
			);
			defaultConfigurationIsVisible = 0;
			defaultConfigurationName = Release;
		};
		4CE5B0171EEC397D00DC21A1 /* Build configuration list for PBXNativeTarget "TipCalculator" */ = {
			isa = XCConfigurationList;
			buildConfigurations = (
				4CE5B0181EEC397D00DC21A1 /* Debug */,
				4CE5B0191EEC397D00DC21A1 /* Release */,
			);
			defaultConfigurationIsVisible = 0;
		};
		4CE5B01A1EEC397D00DC21A1 /* Build configuration list for PBXNativeTarget "TipCalculatorTests" */ = {
			isa = XCConfigurationList;
			buildConfigurations = (
				4CE5B01B1EEC397D00DC21A1 /* Debug */,
				4CE5B01C1EEC397D00DC21A1 /* Release */,
			);
			defaultConfigurationIsVisible = 0;
		};
		4CE5B01D1EEC397D00DC21A1 /* Build configuration list for PBXNativeTarget "TipCalculatorUITests" */ = {
			isa = XCConfigurationList;
			buildConfigurations = (
				4CE5B01E1EEC397D00DC21A1 /* Debug */,
				4CE5B01F1EEC397D00DC21A1 /* Release */,
			);
			defaultConfigurationIsVisible = 0;
		};
/* End XCConfigurationList section */
	};
	rootObject = 4CE5AFE71EEC397C00DC21A1 /* Project object */;
}
